// !$*UTF8*$!
{
	archiveVersion = 1;
	classes = {
	};
	objectVersion = 56;
	objects = {

/* Begin PBXBuildFile section */
		2D14EEA22AF59DAA0094209E /* AutoExpandingTokenField.swift in Sources */ = {isa = PBXBuildFile; fileRef = 2D14EEA12AF59DAA0094209E /* AutoExpandingTokenField.swift */; };
		2D14EEA42AF5B65C0094209E /* NSImage+QuickLook.m in Sources */ = {isa = PBXBuildFile; fileRef = 2D14EEA32AF5B65C0094209E /* NSImage+QuickLook.m */; };
		2DA686F12AF68FAA002C1D83 /* TagsTokenFieldController.swift in Sources */ = {isa = PBXBuildFile; fileRef = 2DA686F02AF68FAA002C1D83 /* TagsTokenFieldController.swift */; };
		2DA686F32AF76F78002C1D83 /* TagsAndColorsProvider.swift in Sources */ = {isa = PBXBuildFile; fileRef = 2DA686F22AF76F78002C1D83 /* TagsAndColorsProvider.swift */; };
		2DA686F92AF78276002C1D83 /* XAttr in Frameworks */ = {isa = PBXBuildFile; productRef = 2DA686F82AF78276002C1D83 /* XAttr */; };
		2DA686FC2AF8E6C8002C1D83 /* ThumbnilFetcher.swift in Sources */ = {isa = PBXBuildFile; fileRef = 2DA686FB2AF8E6C8002C1D83 /* ThumbnilFetcher.swift */; };
		2DA686FF2AF8ED1C002C1D83 /* AsyncExtensions in Frameworks */ = {isa = PBXBuildFile; productRef = 2DA686FE2AF8ED1C002C1D83 /* AsyncExtensions */; };
		2DEC2C8B2AF4385A00E4C35E /* FileCollectionViewItem.swift in Sources */ = {isa = PBXBuildFile; fileRef = 2DEC2C892AF4385A00E4C35E /* FileCollectionViewItem.swift */; };
		2DEC2C8C2AF4385A00E4C35E /* FileCollectionViewItem.xib in Resources */ = {isa = PBXBuildFile; fileRef = 2DEC2C8A2AF4385A00E4C35E /* FileCollectionViewItem.xib */; };
		2DEC2C8E2AF43AF900E4C35E /* AutoCompleteTextField.swift in Sources */ = {isa = PBXBuildFile; fileRef = 2DEC2C8D2AF43AF900E4C35E /* AutoCompleteTextField.swift */; };
		2DEC2C902AF43D5A00E4C35E /* FoldersAutocompleteProvider.swift in Sources */ = {isa = PBXBuildFile; fileRef = 2DEC2C8F2AF43D5A00E4C35E /* FoldersAutocompleteProvider.swift */; };
		2DEC2C942AF4423A00E4C35E /* MPFullDiskAccessAuthorizer.m in Sources */ = {isa = PBXBuildFile; fileRef = 2DEC2C932AF4423A00E4C35E /* MPFullDiskAccessAuthorizer.m */; };
		2DEC2C9C2AF4EBD500E4C35E /* SearchResultsProvider.swift in Sources */ = {isa = PBXBuildFile; fileRef = 2DEC2C9B2AF4EBD500E4C35E /* SearchResultsProvider.swift */; };
		2DF99FAF2AF3928C00679E86 /* AppDelegate.swift in Sources */ = {isa = PBXBuildFile; fileRef = 2DF99FAE2AF3928C00679E86 /* AppDelegate.swift */; };
		2DF99FB12AF3928C00679E86 /* ViewController.swift in Sources */ = {isa = PBXBuildFile; fileRef = 2DF99FB02AF3928C00679E86 /* ViewController.swift */; };
		2DF99FB32AF3928E00679E86 /* Assets.xcassets in Resources */ = {isa = PBXBuildFile; fileRef = 2DF99FB22AF3928E00679E86 /* Assets.xcassets */; };
		2DF99FB62AF3928E00679E86 /* Main.storyboard in Resources */ = {isa = PBXBuildFile; fileRef = 2DF99FB42AF3928E00679E86 /* Main.storyboard */; };
/* End PBXBuildFile section */

/* Begin PBXFileReference section */
		2D14EEA12AF59DAA0094209E /* AutoExpandingTokenField.swift */ = {isa = PBXFileReference; lastKnownFileType = sourcecode.swift; path = AutoExpandingTokenField.swift; sourceTree = "<group>"; };
		2D14EEA32AF5B65C0094209E /* NSImage+QuickLook.m */ = {isa = PBXFileReference; lastKnownFileType = sourcecode.c.objc; path = "NSImage+QuickLook.m"; sourceTree = "<group>"; };
		2D14EEA52AF5B6760094209E /* NSImage+QuickLook.h */ = {isa = PBXFileReference; lastKnownFileType = sourcecode.c.h; path = "NSImage+QuickLook.h"; sourceTree = "<group>"; };
		2DA686F02AF68FAA002C1D83 /* TagsTokenFieldController.swift */ = {isa = PBXFileReference; lastKnownFileType = sourcecode.swift; path = TagsTokenFieldController.swift; sourceTree = "<group>"; };
		2DA686F22AF76F78002C1D83 /* TagsAndColorsProvider.swift */ = {isa = PBXFileReference; lastKnownFileType = sourcecode.swift; path = TagsAndColorsProvider.swift; sourceTree = "<group>"; };
		2DA686FA2AF8E2A3002C1D83 /* Info.plist */ = {isa = PBXFileReference; lastKnownFileType = text.plist; path = Info.plist; sourceTree = "<group>"; };
		2DA686FB2AF8E6C8002C1D83 /* ThumbnilFetcher.swift */ = {isa = PBXFileReference; lastKnownFileType = sourcecode.swift; path = ThumbnilFetcher.swift; sourceTree = "<group>"; };
		2DEC2C892AF4385A00E4C35E /* FileCollectionViewItem.swift */ = {isa = PBXFileReference; lastKnownFileType = sourcecode.swift; path = FileCollectionViewItem.swift; sourceTree = "<group>"; };
		2DEC2C8A2AF4385A00E4C35E /* FileCollectionViewItem.xib */ = {isa = PBXFileReference; lastKnownFileType = file.xib; path = FileCollectionViewItem.xib; sourceTree = "<group>"; };
		2DEC2C8D2AF43AF900E4C35E /* AutoCompleteTextField.swift */ = {isa = PBXFileReference; lastKnownFileType = sourcecode.swift; path = AutoCompleteTextField.swift; sourceTree = "<group>"; };
		2DEC2C8F2AF43D5A00E4C35E /* FoldersAutocompleteProvider.swift */ = {isa = PBXFileReference; lastKnownFileType = sourcecode.swift; path = FoldersAutocompleteProvider.swift; sourceTree = "<group>"; };
		2DEC2C922AF4423900E4C35E /* CLIPFinder-Bridging-Header.h */ = {isa = PBXFileReference; lastKnownFileType = sourcecode.c.h; path = "CLIPFinder-Bridging-Header.h"; sourceTree = "<group>"; };
		2DEC2C932AF4423A00E4C35E /* MPFullDiskAccessAuthorizer.m */ = {isa = PBXFileReference; lastKnownFileType = sourcecode.c.objc; path = MPFullDiskAccessAuthorizer.m; sourceTree = "<group>"; };
		2DEC2C952AF4424E00E4C35E /* MPFullDiskAccessAuthorizer.h */ = {isa = PBXFileReference; lastKnownFileType = sourcecode.c.h; path = MPFullDiskAccessAuthorizer.h; sourceTree = "<group>"; };
		2DEC2C962AF4427700E4C35E /* MPAuthorizer.h */ = {isa = PBXFileReference; lastKnownFileType = sourcecode.c.h; path = MPAuthorizer.h; sourceTree = "<group>"; };
		2DEC2C972AF4428F00E4C35E /* MPAuthorizationStatus.h */ = {isa = PBXFileReference; lastKnownFileType = sourcecode.c.h; path = MPAuthorizationStatus.h; sourceTree = "<group>"; };
		2DEC2C9B2AF4EBD500E4C35E /* SearchResultsProvider.swift */ = {isa = PBXFileReference; lastKnownFileType = sourcecode.swift; path = SearchResultsProvider.swift; sourceTree = "<group>"; };
		2DF99FAB2AF3928C00679E86 /* CLIPFinder.app */ = {isa = PBXFileReference; explicitFileType = wrapper.application; includeInIndex = 0; path = CLIPFinder.app; sourceTree = BUILT_PRODUCTS_DIR; };
		2DF99FAE2AF3928C00679E86 /* AppDelegate.swift */ = {isa = PBXFileReference; lastKnownFileType = sourcecode.swift; path = AppDelegate.swift; sourceTree = "<group>"; };
		2DF99FB02AF3928C00679E86 /* ViewController.swift */ = {isa = PBXFileReference; lastKnownFileType = sourcecode.swift; path = ViewController.swift; sourceTree = "<group>"; };
		2DF99FB22AF3928E00679E86 /* Assets.xcassets */ = {isa = PBXFileReference; lastKnownFileType = folder.assetcatalog; path = Assets.xcassets; sourceTree = "<group>"; };
		2DF99FB52AF3928E00679E86 /* Base */ = {isa = PBXFileReference; lastKnownFileType = file.storyboard; name = Base; path = Base.lproj/Main.storyboard; sourceTree = "<group>"; };
		2DF99FB72AF3928E00679E86 /* CLIPFinder.entitlements */ = {isa = PBXFileReference; lastKnownFileType = text.plist.entitlements; path = CLIPFinder.entitlements; sourceTree = "<group>"; };
/* End PBXFileReference section */

/* Begin PBXFrameworksBuildPhase section */
		2DF99FA82AF3928C00679E86 /* Frameworks */ = {
			isa = PBXFrameworksBuildPhase;
			buildActionMask = 2147483647;
			files = (
				2DA686F92AF78276002C1D83 /* XAttr in Frameworks */,
				2DA686FF2AF8ED1C002C1D83 /* AsyncExtensions in Frameworks */,
			);
			runOnlyForDeploymentPostprocessing = 0;
		};
/* End PBXFrameworksBuildPhase section */

/* Begin PBXGroup section */
		2DA686F42AF76F83002C1D83 /* logic */ = {
			isa = PBXGroup;
			children = (
				2DA686F22AF76F78002C1D83 /* TagsAndColorsProvider.swift */,
				2DEC2C8F2AF43D5A00E4C35E /* FoldersAutocompleteProvider.swift */,
				2DEC2C9B2AF4EBD500E4C35E /* SearchResultsProvider.swift */,
			);
			path = logic;
			sourceTree = "<group>";
		};
		2DEC2C752AF42F3A00E4C35E /* source */ = {
			isa = PBXGroup;
			children = (
				2DA686F42AF76F83002C1D83 /* logic */,
				2DEC2C9A2AF4EBB600E4C35E /* ui */,
				2DEC2C912AF4421900E4C35E /* 3rdparty */,
				2DF99FAE2AF3928C00679E86 /* AppDelegate.swift */,
			);
			path = source;
			sourceTree = "<group>";
		};
		2DEC2C912AF4421900E4C35E /* 3rdparty */ = {
			isa = PBXGroup;
			children = (
				2DEC2C982AF442B800E4C35E /* MPAuthorizer */,
				2DEC2C922AF4423900E4C35E /* CLIPFinder-Bridging-Header.h */,
				2D14EEA32AF5B65C0094209E /* NSImage+QuickLook.m */,
				2D14EEA52AF5B6760094209E /* NSImage+QuickLook.h */,
			);
			path = 3rdparty;
			sourceTree = "<group>";
		};
		2DEC2C982AF442B800E4C35E /* MPAuthorizer */ = {
			isa = PBXGroup;
			children = (
				2DEC2C932AF4423A00E4C35E /* MPFullDiskAccessAuthorizer.m */,
				2DEC2C952AF4424E00E4C35E /* MPFullDiskAccessAuthorizer.h */,
				2DEC2C962AF4427700E4C35E /* MPAuthorizer.h */,
				2DEC2C972AF4428F00E4C35E /* MPAuthorizationStatus.h */,
			);
			path = MPAuthorizer;
			sourceTree = "<group>";
		};
		2DEC2C9A2AF4EBB600E4C35E /* ui */ = {
			isa = PBXGroup;
			children = (
				2DF99FB02AF3928C00679E86 /* ViewController.swift */,
				2DEC2C892AF4385A00E4C35E /* FileCollectionViewItem.swift */,
				2DEC2C8A2AF4385A00E4C35E /* FileCollectionViewItem.xib */,
				2DEC2C8D2AF43AF900E4C35E /* AutoCompleteTextField.swift */,
				2D14EEA12AF59DAA0094209E /* AutoExpandingTokenField.swift */,
				2DA686F02AF68FAA002C1D83 /* TagsTokenFieldController.swift */,
				2DA686FB2AF8E6C8002C1D83 /* ThumbnilFetcher.swift */,
			);
			path = ui;
			sourceTree = "<group>";
		};
		2DF99FA22AF3928C00679E86 = {
			isa = PBXGroup;
			children = (
				2DF99FAD2AF3928C00679E86 /* CLIPFinder */,
				2DF99FAC2AF3928C00679E86 /* Products */,
			);
			sourceTree = "<group>";
		};
		2DF99FAC2AF3928C00679E86 /* Products */ = {
			isa = PBXGroup;
			children = (
				2DF99FAB2AF3928C00679E86 /* CLIPFinder.app */,
			);
			name = Products;
			sourceTree = "<group>";
		};
		2DF99FAD2AF3928C00679E86 /* CLIPFinder */ = {
			isa = PBXGroup;
			children = (
				2DA686FA2AF8E2A3002C1D83 /* Info.plist */,
				2DEC2C752AF42F3A00E4C35E /* source */,
				2DF99FB22AF3928E00679E86 /* Assets.xcassets */,
				2DF99FB42AF3928E00679E86 /* Main.storyboard */,
				2DF99FB72AF3928E00679E86 /* CLIPFinder.entitlements */,
			);
			path = CLIPFinder;
			sourceTree = "<group>";
		};
/* End PBXGroup section */

/* Begin PBXNativeTarget section */
		2DF99FAA2AF3928C00679E86 /* CLIPFinder */ = {
			isa = PBXNativeTarget;
			buildConfigurationList = 2DF99FBA2AF3928E00679E86 /* Build configuration list for PBXNativeTarget "CLIPFinder" */;
			buildPhases = (
				2DF99FA72AF3928C00679E86 /* Sources */,
				2DF99FA82AF3928C00679E86 /* Frameworks */,
				2DF99FA92AF3928C00679E86 /* Resources */,
			);
			buildRules = (
			);
			dependencies = (
			);
			name = CLIPFinder;
			packageProductDependencies = (
				2DA686F82AF78276002C1D83 /* XAttr */,
				2DA686FE2AF8ED1C002C1D83 /* AsyncExtensions */,
			);
			productName = CLIPFinder;
			productReference = 2DF99FAB2AF3928C00679E86 /* CLIPFinder.app */;
			productType = "com.apple.product-type.application";
		};
/* End PBXNativeTarget section */

/* Begin PBXProject section */
		2DF99FA32AF3928C00679E86 /* Project object */ = {
			isa = PBXProject;
			attributes = {
				BuildIndependentTargetsInParallel = 1;
				LastSwiftUpdateCheck = 1430;
				LastUpgradeCheck = 1430;
				TargetAttributes = {
					2DF99FAA2AF3928C00679E86 = {
						CreatedOnToolsVersion = 14.3.1;
						LastSwiftMigration = 1430;
					};
				};
			};
			buildConfigurationList = 2DF99FA62AF3928C00679E86 /* Build configuration list for PBXProject "CLIPFinder" */;
			compatibilityVersion = "Xcode 14.0";
			developmentRegion = en;
			hasScannedForEncodings = 0;
			knownRegions = (
				en,
				Base,
			);
			mainGroup = 2DF99FA22AF3928C00679E86;
			packageReferences = (
				2DA686F72AF78276002C1D83 /* XCRemoteSwiftPackageReference "swift-xattr" */,
				2DA686FD2AF8ED1C002C1D83 /* XCRemoteSwiftPackageReference "AsyncExtensions" */,
			);
			productRefGroup = 2DF99FAC2AF3928C00679E86 /* Products */;
			projectDirPath = "";
			projectRoot = "";
			targets = (
				2DF99FAA2AF3928C00679E86 /* CLIPFinder */,
			);
		};
/* End PBXProject section */

/* Begin PBXResourcesBuildPhase section */
		2DF99FA92AF3928C00679E86 /* Resources */ = {
			isa = PBXResourcesBuildPhase;
			buildActionMask = 2147483647;
			files = (
				2DEC2C8C2AF4385A00E4C35E /* FileCollectionViewItem.xib in Resources */,
				2DF99FB32AF3928E00679E86 /* Assets.xcassets in Resources */,
				2DF99FB62AF3928E00679E86 /* Main.storyboard in Resources */,
			);
			runOnlyForDeploymentPostprocessing = 0;
		};
/* End PBXResourcesBuildPhase section */

/* Begin PBXSourcesBuildPhase section */
		2DF99FA72AF3928C00679E86 /* Sources */ = {
			isa = PBXSourcesBuildPhase;
			buildActionMask = 2147483647;
			files = (
				2DEC2C902AF43D5A00E4C35E /* FoldersAutocompleteProvider.swift in Sources */,
				2DA686F32AF76F78002C1D83 /* TagsAndColorsProvider.swift in Sources */,
				2D14EEA22AF59DAA0094209E /* AutoExpandingTokenField.swift in Sources */,
				2DEC2C9C2AF4EBD500E4C35E /* SearchResultsProvider.swift in Sources */,
				2DA686FC2AF8E6C8002C1D83 /* ThumbnilFetcher.swift in Sources */,
				2DF99FB12AF3928C00679E86 /* ViewController.swift in Sources */,
				2DEC2C942AF4423A00E4C35E /* MPFullDiskAccessAuthorizer.m in Sources */,
				2D14EEA42AF5B65C0094209E /* NSImage+QuickLook.m in Sources */,
				2DA686F12AF68FAA002C1D83 /* TagsTokenFieldController.swift in Sources */,
				2DEC2C8E2AF43AF900E4C35E /* AutoCompleteTextField.swift in Sources */,
				2DEC2C8B2AF4385A00E4C35E /* FileCollectionViewItem.swift in Sources */,
				2DF99FAF2AF3928C00679E86 /* AppDelegate.swift in Sources */,
			);
			runOnlyForDeploymentPostprocessing = 0;
		};
/* End PBXSourcesBuildPhase section */

/* Begin PBXVariantGroup section */
		2DF99FB42AF3928E00679E86 /* Main.storyboard */ = {
			isa = PBXVariantGroup;
			children = (
				2DF99FB52AF3928E00679E86 /* Base */,
			);
			name = Main.storyboard;
			sourceTree = "<group>";
		};
/* End PBXVariantGroup section */

/* Begin XCBuildConfiguration section */
		2DF99FB82AF3928E00679E86 /* Debug */ = {
			isa = XCBuildConfiguration;
			buildSettings = {
				ALWAYS_SEARCH_USER_PATHS = NO;
				CLANG_ANALYZER_NONNULL = YES;
				CLANG_ANALYZER_NUMBER_OBJECT_CONVERSION = YES_AGGRESSIVE;
				CLANG_CXX_LANGUAGE_STANDARD = "gnu++20";
				CLANG_ENABLE_MODULES = YES;
				CLANG_ENABLE_OBJC_ARC = YES;
				CLANG_ENABLE_OBJC_WEAK = YES;
				CLANG_WARN_BLOCK_CAPTURE_AUTORELEASING = YES;
				CLANG_WARN_BOOL_CONVERSION = YES;
				CLANG_WARN_COMMA = YES;
				CLANG_WARN_CONSTANT_CONVERSION = YES;
				CLANG_WARN_DEPRECATED_OBJC_IMPLEMENTATIONS = YES;
				CLANG_WARN_DIRECT_OBJC_ISA_USAGE = YES_ERROR;
				CLANG_WARN_DOCUMENTATION_COMMENTS = YES;
				CLANG_WARN_EMPTY_BODY = YES;
				CLANG_WARN_ENUM_CONVERSION = YES;
				CLANG_WARN_INFINITE_RECURSION = YES;
				CLANG_WARN_INT_CONVERSION = YES;
				CLANG_WARN_NON_LITERAL_NULL_CONVERSION = YES;
				CLANG_WARN_OBJC_IMPLICIT_RETAIN_SELF = YES;
				CLANG_WARN_OBJC_LITERAL_CONVERSION = YES;
				CLANG_WARN_OBJC_ROOT_CLASS = YES_ERROR;
				CLANG_WARN_QUOTED_INCLUDE_IN_FRAMEWORK_HEADER = YES;
				CLANG_WARN_RANGE_LOOP_ANALYSIS = YES;
				CLANG_WARN_STRICT_PROTOTYPES = YES;
				CLANG_WARN_SUSPICIOUS_MOVE = YES;
				CLANG_WARN_UNGUARDED_AVAILABILITY = YES_AGGRESSIVE;
				CLANG_WARN_UNREACHABLE_CODE = YES;
				CLANG_WARN__DUPLICATE_METHOD_MATCH = YES;
				COPY_PHASE_STRIP = NO;
				DEBUG_INFORMATION_FORMAT = dwarf;
				ENABLE_STRICT_OBJC_MSGSEND = YES;
				ENABLE_TESTABILITY = YES;
				GCC_C_LANGUAGE_STANDARD = gnu11;
				GCC_DYNAMIC_NO_PIC = NO;
				GCC_NO_COMMON_BLOCKS = YES;
				GCC_OPTIMIZATION_LEVEL = 0;
				GCC_PREPROCESSOR_DEFINITIONS = (
					"DEBUG=1",
					"$(inherited)",
				);
				GCC_WARN_64_TO_32_BIT_CONVERSION = YES;
				GCC_WARN_ABOUT_RETURN_TYPE = YES_ERROR;
				GCC_WARN_UNDECLARED_SELECTOR = YES;
				GCC_WARN_UNINITIALIZED_AUTOS = YES_AGGRESSIVE;
				GCC_WARN_UNUSED_FUNCTION = YES;
				GCC_WARN_UNUSED_VARIABLE = YES;
				MACOSX_DEPLOYMENT_TARGET = 13.3;
				MTL_ENABLE_DEBUG_INFO = INCLUDE_SOURCE;
				MTL_FAST_MATH = YES;
				ONLY_ACTIVE_ARCH = YES;
				SDKROOT = macosx;
				SWIFT_ACTIVE_COMPILATION_CONDITIONS = DEBUG;
				SWIFT_OPTIMIZATION_LEVEL = "-Onone";
			};
			name = Debug;
		};
		2DF99FB92AF3928E00679E86 /* Release */ = {
			isa = XCBuildConfiguration;
			buildSettings = {
				ALWAYS_SEARCH_USER_PATHS = NO;
				CLANG_ANALYZER_NONNULL = YES;
				CLANG_ANALYZER_NUMBER_OBJECT_CONVERSION = YES_AGGRESSIVE;
				CLANG_CXX_LANGUAGE_STANDARD = "gnu++20";
				CLANG_ENABLE_MODULES = YES;
				CLANG_ENABLE_OBJC_ARC = YES;
				CLANG_ENABLE_OBJC_WEAK = YES;
				CLANG_WARN_BLOCK_CAPTURE_AUTORELEASING = YES;
				CLANG_WARN_BOOL_CONVERSION = YES;
				CLANG_WARN_COMMA = YES;
				CLANG_WARN_CONSTANT_CONVERSION = YES;
				CLANG_WARN_DEPRECATED_OBJC_IMPLEMENTATIONS = YES;
				CLANG_WARN_DIRECT_OBJC_ISA_USAGE = YES_ERROR;
				CLANG_WARN_DOCUMENTATION_COMMENTS = YES;
				CLANG_WARN_EMPTY_BODY = YES;
				CLANG_WARN_ENUM_CONVERSION = YES;
				CLANG_WARN_INFINITE_RECURSION = YES;
				CLANG_WARN_INT_CONVERSION = YES;
				CLANG_WARN_NON_LITERAL_NULL_CONVERSION = YES;
				CLANG_WARN_OBJC_IMPLICIT_RETAIN_SELF = YES;
				CLANG_WARN_OBJC_LITERAL_CONVERSION = YES;
				CLANG_WARN_OBJC_ROOT_CLASS = YES_ERROR;
				CLANG_WARN_QUOTED_INCLUDE_IN_FRAMEWORK_HEADER = YES;
				CLANG_WARN_RANGE_LOOP_ANALYSIS = YES;
				CLANG_WARN_STRICT_PROTOTYPES = YES;
				CLANG_WARN_SUSPICIOUS_MOVE = YES;
				CLANG_WARN_UNGUARDED_AVAILABILITY = YES_AGGRESSIVE;
				CLANG_WARN_UNREACHABLE_CODE = YES;
				CLANG_WARN__DUPLICATE_METHOD_MATCH = YES;
				COPY_PHASE_STRIP = NO;
				DEBUG_INFORMATION_FORMAT = "dwarf-with-dsym";
				ENABLE_NS_ASSERTIONS = NO;
				ENABLE_STRICT_OBJC_MSGSEND = YES;
				GCC_C_LANGUAGE_STANDARD = gnu11;
				GCC_NO_COMMON_BLOCKS = YES;
				GCC_WARN_64_TO_32_BIT_CONVERSION = YES;
				GCC_WARN_ABOUT_RETURN_TYPE = YES_ERROR;
				GCC_WARN_UNDECLARED_SELECTOR = YES;
				GCC_WARN_UNINITIALIZED_AUTOS = YES_AGGRESSIVE;
				GCC_WARN_UNUSED_FUNCTION = YES;
				GCC_WARN_UNUSED_VARIABLE = YES;
				MACOSX_DEPLOYMENT_TARGET = 13.3;
				MTL_ENABLE_DEBUG_INFO = NO;
				MTL_FAST_MATH = YES;
				SDKROOT = macosx;
				SWIFT_COMPILATION_MODE = wholemodule;
				SWIFT_OPTIMIZATION_LEVEL = "-O";
			};
			name = Release;
		};
		2DF99FBB2AF3928E00679E86 /* Debug */ = {
			isa = XCBuildConfiguration;
			buildSettings = {
				ASSETCATALOG_COMPILER_APPICON_NAME = AppIcon;
				ASSETCATALOG_COMPILER_GLOBAL_ACCENT_COLOR_NAME = AccentColor;
				CLANG_ENABLE_MODULES = YES;
				CODE_SIGN_ENTITLEMENTS = CLIPFinder/CLIPFinder.entitlements;
				CODE_SIGN_STYLE = Automatic;
				COMBINE_HIDPI_IMAGES = YES;
				CURRENT_PROJECT_VERSION = 1;
				DEVELOPMENT_TEAM = U26M4X58UR;
				ENABLE_HARDENED_RUNTIME = YES;
				GENERATE_INFOPLIST_FILE = YES;
				INFOPLIST_FILE = CLIPFinder/Info.plist;
				INFOPLIST_KEY_NSHumanReadableCopyright = "";
				INFOPLIST_KEY_NSMainStoryboardFile = Main;
				INFOPLIST_KEY_NSPrincipalClass = NSApplication;
				LD_RUNPATH_SEARCH_PATHS = (
					"$(inherited)",
					"@executable_path/../Frameworks",
				);
				MARKETING_VERSION = 1.0;
				PRODUCT_BUNDLE_IDENTIFIER = com.damianstewart.CLIPFinder;
				PRODUCT_NAME = "$(TARGET_NAME)";
				SWIFT_EMIT_LOC_STRINGS = YES;
				SWIFT_OBJC_BRIDGING_HEADER = "CLIPFinder/source/3rdparty/CLIPFinder-Bridging-Header.h";
				SWIFT_OPTIMIZATION_LEVEL = "-Onone";
				SWIFT_VERSION = 5.0;
			};
			name = Debug;
		};
		2DF99FBC2AF3928E00679E86 /* Release */ = {
			isa = XCBuildConfiguration;
			buildSettings = {
				ASSETCATALOG_COMPILER_APPICON_NAME = AppIcon;
				ASSETCATALOG_COMPILER_GLOBAL_ACCENT_COLOR_NAME = AccentColor;
				CLANG_ENABLE_MODULES = YES;
				CODE_SIGN_ENTITLEMENTS = CLIPFinder/CLIPFinder.entitlements;
				CODE_SIGN_STYLE = Automatic;
				COMBINE_HIDPI_IMAGES = YES;
				CURRENT_PROJECT_VERSION = 1;
				DEVELOPMENT_TEAM = U26M4X58UR;
				ENABLE_HARDENED_RUNTIME = YES;
				GENERATE_INFOPLIST_FILE = YES;
				INFOPLIST_FILE = CLIPFinder/Info.plist;
				INFOPLIST_KEY_NSHumanReadableCopyright = "";
				INFOPLIST_KEY_NSMainStoryboardFile = Main;
				INFOPLIST_KEY_NSPrincipalClass = NSApplication;
				LD_RUNPATH_SEARCH_PATHS = (
					"$(inherited)",
					"@executable_path/../Frameworks",
				);
				MARKETING_VERSION = 1.0;
				PRODUCT_BUNDLE_IDENTIFIER = com.damianstewart.CLIPFinder;
				PRODUCT_NAME = "$(TARGET_NAME)";
				SWIFT_EMIT_LOC_STRINGS = YES;
				SWIFT_OBJC_BRIDGING_HEADER = "CLIPFinder/source/3rdparty/CLIPFinder-Bridging-Header.h";
				SWIFT_VERSION = 5.0;
			};
			name = Release;
		};
/* End XCBuildConfiguration section */

/* Begin XCConfigurationList section */
		2DF99FA62AF3928C00679E86 /* Build configuration list for PBXProject "CLIPFinder" */ = {
			isa = XCConfigurationList;
			buildConfigurations = (
				2DF99FB82AF3928E00679E86 /* Debug */,
				2DF99FB92AF3928E00679E86 /* Release */,
			);
			defaultConfigurationIsVisible = 0;
			defaultConfigurationName = Release;
		};
		2DF99FBA2AF3928E00679E86 /* Build configuration list for PBXNativeTarget "CLIPFinder" */ = {
			isa = XCConfigurationList;
			buildConfigurations = (
				2DF99FBB2AF3928E00679E86 /* Debug */,
				2DF99FBC2AF3928E00679E86 /* Release */,
			);
			defaultConfigurationIsVisible = 0;
			defaultConfigurationName = Release;
		};
/* End XCConfigurationList section */

/* Begin XCRemoteSwiftPackageReference section */
		2DA686F72AF78276002C1D83 /* XCRemoteSwiftPackageReference "swift-xattr" */ = {
			isa = XCRemoteSwiftPackageReference;
			repositoryURL = "https://github.com/jozefizso/swift-xattr";
			requirement = {
				kind = upToNextMajorVersion;
				minimumVersion = 3.0.0;
			};
		};
		2DA686FD2AF8ED1C002C1D83 /* XCRemoteSwiftPackageReference "AsyncExtensions" */ = {
			isa = XCRemoteSwiftPackageReference;
			repositoryURL = "https://github.com/sideeffect-io/AsyncExtensions";
			requirement = {
				kind = upToNextMajorVersion;
				minimumVersion = 0.5.2;
			};
		};
/* End XCRemoteSwiftPackageReference section */

/* Begin XCSwiftPackageProductDependency section */
		2DA686F82AF78276002C1D83 /* XAttr */ = {
			isa = XCSwiftPackageProductDependency;
			package = 2DA686F72AF78276002C1D83 /* XCRemoteSwiftPackageReference "swift-xattr" */;
			productName = XAttr;
		};
		2DA686FE2AF8ED1C002C1D83 /* AsyncExtensions */ = {
			isa = XCSwiftPackageProductDependency;
			package = 2DA686FD2AF8ED1C002C1D83 /* XCRemoteSwiftPackageReference "AsyncExtensions" */;
			productName = AsyncExtensions;
		};
/* End XCSwiftPackageProductDependency section */
	};
	rootObject = 2DF99FA32AF3928C00679E86 /* Project object */;
}
